
Microsoft Visual Studio Solution File, Format Version 12.00
# Visual Studio Version 17
VisualStudioVersion = 17.9.34701.34
MinimumVisualStudioVersion = 10.0.40219.1
Project("{FAE04EC0-301F-11D3-BF4B-00C04F79EFBC}") = "Tamagotchi_7DaysOfCode_Pokedex", "Tamagotchi_7DaysOfCode_Pokedex\Tamagotchi_7DaysOfCode_Pokedex.csproj", "{7F32B419-F7FC-4B4F-80E2-8D9BD2252576}"
EndProject
Global
	GlobalSection(SolutionConfigurationPlatforms) = preSolution
		Debug|Any CPU = Debug|Any CPU
		Release|Any CPU = Release|Any CPU
	EndGlobalSection
	GlobalSection(ProjectConfigurationPlatforms) = postSolution
		{7F32B419-F7FC-4B4F-80E2-8D9BD2252576}.Debug|Any CPU.ActiveCfg = Debug|Any CPU
		{7F32B419-F7FC-4B4F-80E2-8D9BD2252576}.Debug|Any CPU.Build.0 = Debug|Any CPU
		{7F32B419-F7FC-4B4F-80E2-8D9BD2252576}.Release|Any CPU.ActiveCfg = Release|Any CPU
		{7F32B419-F7FC-4B4F-80E2-8D9BD2252576}.Release|Any CPU.Build.0 = Release|Any CPU
	EndGlobalSection
	GlobalSection(SolutionProperties) = preSolution
		HideSolutionNode = FALSE
	EndGlobalSection
	GlobalSection(ExtensibilityGlobals) = postSolution
		SolutionGuid = {6832E38C-3EB1-40C6-8768-6AF157422953}
	EndGlobalSection
EndGlobal
